{
    "_meta": {
        "hash": {
            "sha256": "90c4775853e2f7b466c186dee96429ca212999608137f5a5b4c4fba916eb7369"
        },
        "pipfile-spec": 6,
        "requires": {
            "python_version": "3.8"
        },
        "sources": [
            {
                "name": "pypi",
                "url": "https://pypi.org/simple",
                "verify_ssl": true
            }
        ]
    },
    "default": {},
    "develop": {
        "unittrial": {
            "hashes": [
                "sha256:adcb9dd1ea085d4faa97a7b52517a0881f5aa18f643a63835d80ea816f0cb418"
            ],
            "index": "pypi",
            "version": "==0.2.3"
        }
    }
}
